
Microsoft Visual Studio Solution File, Format Version 12.00
# Visual Studio Version 17
VisualStudioVersion = 17.7.34202.233
MinimumVisualStudioVersion = 10.0.40219.1
Project("{FAE04EC0-301F-11D3-BF4B-00C04F79EFBC}") = "TinyTotsWebApp", "TinyTotsWebApp.csproj", "{BFFD9B60-3C6D-4088-90AD-74A787D4C653}"
EndProject
Global
	GlobalSection(SolutionConfigurationPlatforms) = preSolution
		Debug|Any CPU = Debug|Any CPU
		Release|Any CPU = Release|Any CPU
	EndGlobalSection
	GlobalSection(ProjectConfigurationPlatforms) = postSolution
		{BFFD9B60-3C6D-4088-90AD-74A787D4C653}.Debug|Any CPU.ActiveCfg = Debug|Any CPU
		{BFFD9B60-3C6D-4088-90AD-74A787D4C653}.Debug|Any CPU.Build.0 = Debug|Any CPU
		{BFFD9B60-3C6D-4088-90AD-74A787D4C653}.Release|Any CPU.ActiveCfg = Release|Any CPU
		{BFFD9B60-3C6D-4088-90AD-74A787D4C653}.Release|Any CPU.Build.0 = Release|Any CPU
	EndGlobalSection
	GlobalSection(SolutionProperties) = preSolution
		HideSolutionNode = FALSE
	EndGlobalSection
	GlobalSection(ExtensibilityGlobals) = postSolution
		SolutionGuid = {62D03199-17C2-42E6-9A09-22798DB167EE}
	EndGlobalSection
EndGlobal
